
Microsoft Visual Studio Solution File, Format Version 12.00
# Visual Studio 15
VisualStudioVersion = 15.0.26430.14
MinimumVisualStudioVersion = 10.0.40219.1
Project("{FAE04EC0-301F-11D3-BF4B-00C04F79EFBC}") = "WebApplication1", "WebApplication1\WebApplication1.csproj", "{9F2B9AFB-9EFD-4F59-8FC7-7C7DC61F75C6}"
EndProject
Project("{FAE04EC0-301F-11D3-BF4B-00C04F79EFBC}") = "Interfaces", "Interfaces\Interfaces.csproj", "{4CB00B3F-14CF-465C-95AC-FE698E05058D}"
EndProject
Project("{FAE04EC0-301F-11D3-BF4B-00C04F79EFBC}") = "DAL", "DAL\DAL.csproj", "{47B3F535-B581-4658-91EA-AAB85CF5E54B}"
EndProject
Global
	GlobalSection(SolutionConfigurationPlatforms) = preSolution
		Debug|Any CPU = Debug|Any CPU
		Release|Any CPU = Release|Any CPU
	EndGlobalSection
	GlobalSection(ProjectConfigurationPlatforms) = postSolution
		{9F2B9AFB-9EFD-4F59-8FC7-7C7DC61F75C6}.Debug|Any CPU.ActiveCfg = Debug|Any CPU
		{9F2B9AFB-9EFD-4F59-8FC7-7C7DC61F75C6}.Debug|Any CPU.Build.0 = Debug|Any CPU
		{9F2B9AFB-9EFD-4F59-8FC7-7C7DC61F75C6}.Release|Any CPU.ActiveCfg = Release|Any CPU
		{9F2B9AFB-9EFD-4F59-8FC7-7C7DC61F75C6}.Release|Any CPU.Build.0 = Release|Any CPU
		{4CB00B3F-14CF-465C-95AC-FE698E05058D}.Debug|Any CPU.ActiveCfg = Debug|Any CPU
		{4CB00B3F-14CF-465C-95AC-FE698E05058D}.Debug|Any CPU.Build.0 = Debug|Any CPU
		{4CB00B3F-14CF-465C-95AC-FE698E05058D}.Release|Any CPU.ActiveCfg = Release|Any CPU
		{4CB00B3F-14CF-465C-95AC-FE698E05058D}.Release|Any CPU.Build.0 = Release|Any CPU
		{47B3F535-B581-4658-91EA-AAB85CF5E54B}.Debug|Any CPU.ActiveCfg = Debug|Any CPU
		{47B3F535-B581-4658-91EA-AAB85CF5E54B}.Debug|Any CPU.Build.0 = Debug|Any CPU
		{47B3F535-B581-4658-91EA-AAB85CF5E54B}.Release|Any CPU.ActiveCfg = Release|Any CPU
		{47B3F535-B581-4658-91EA-AAB85CF5E54B}.Release|Any CPU.Build.0 = Release|Any CPU
	EndGlobalSection
	GlobalSection(SolutionProperties) = preSolution
		HideSolutionNode = FALSE
	EndGlobalSection
EndGlobal
